
Microsoft Visual Studio Solution File, Format Version 12.00
# Visual Studio Version 17
VisualStudioVersion = 17.12.35527.113
MinimumVisualStudioVersion = 10.0.40219.1
Project("{FAE04EC0-301F-11D3-BF4B-00C04F79EFBC}") = "RDP_DEMO", "RDP_DEMO\RDP_DEMO.csproj", "{8EEB5783-0F45-499B-9F5D-0577A9141FF2}"
EndProject
Project("{FAE04EC0-301F-11D3-BF4B-00C04F79EFBC}") = "GrpcServerApp", "GrpcServerApp\GrpcServerApp.csproj", "{4A3D754F-6D1E-457E-9DF4-4FD42F22F9E5}"
EndProject
Project("{FAE04EC0-301F-11D3-BF4B-00C04F79EFBC}") = "GrpcClientApp", "GrpcClientApp\GrpcClientApp.csproj", "{B2B1A1B2-7C2D-4B8B-8A2C-2B2A1B2C3D4E}"
EndProject
Project("{FAE04EC0-301F-11D3-BF4B-00C04F79EFBC}") = "LIB_RPC", "LIB_RPC\LIB_RPC.csproj", "{47004256-7A2F-4635-F6C5-1F9502A1A9A0}"
EndProject
Project("{FAE04EC0-301F-11D3-BF4B-00C04F79EFBC}") = "LIB_RDP", "LIB_RDP\LIB_RDP.csproj", "{8C79FE96-02E6-A892-EBC0-145CF5872B67}"
EndProject
Project("{FAE04EC0-301F-11D3-BF4B-00C04F79EFBC}") = "LogViewer", "LogViewer\LogViewer.csproj", "{505816D8-7CDF-4951-9BDB-645A5BDA2575}"
EndProject
Global
	GlobalSection(SolutionConfigurationPlatforms) = preSolution
		Debug|Any CPU = Debug|Any CPU
		Debug|x64 = Debug|x64
		Debug|x86 = Debug|x86
		Release|Any CPU = Release|Any CPU
		Release|x64 = Release|x64
		Release|x86 = Release|x86
	EndGlobalSection
	GlobalSection(ProjectConfigurationPlatforms) = postSolution
		{8EEB5783-0F45-499B-9F5D-0577A9141FF2}.Debug|Any CPU.ActiveCfg = Debug|Any CPU
		{8EEB5783-0F45-499B-9F5D-0577A9141FF2}.Debug|Any CPU.Build.0 = Debug|Any CPU
		{8EEB5783-0F45-499B-9F5D-0577A9141FF2}.Debug|x64.ActiveCfg = Debug|Any CPU
		{8EEB5783-0F45-499B-9F5D-0577A9141FF2}.Debug|x64.Build.0 = Debug|Any CPU
		{8EEB5783-0F45-499B-9F5D-0577A9141FF2}.Debug|x86.ActiveCfg = Debug|Any CPU
		{8EEB5783-0F45-499B-9F5D-0577A9141FF2}.Debug|x86.Build.0 = Debug|Any CPU
		{8EEB5783-0F45-499B-9F5D-0577A9141FF2}.Release|Any CPU.ActiveCfg = Release|Any CPU
		{8EEB5783-0F45-499B-9F5D-0577A9141FF2}.Release|Any CPU.Build.0 = Release|Any CPU
		{8EEB5783-0F45-499B-9F5D-0577A9141FF2}.Release|x64.ActiveCfg = Release|Any CPU
		{8EEB5783-0F45-499B-9F5D-0577A9141FF2}.Release|x64.Build.0 = Release|Any CPU
		{8EEB5783-0F45-499B-9F5D-0577A9141FF2}.Release|x86.ActiveCfg = Release|Any CPU
		{8EEB5783-0F45-499B-9F5D-0577A9141FF2}.Release|x86.Build.0 = Release|Any CPU
		{4A3D754F-6D1E-457E-9DF4-4FD42F22F9E5}.Debug|Any CPU.ActiveCfg = Debug|Any CPU
		{4A3D754F-6D1E-457E-9DF4-4FD42F22F9E5}.Debug|Any CPU.Build.0 = Debug|Any CPU
		{4A3D754F-6D1E-457E-9DF4-4FD42F22F9E5}.Debug|x64.ActiveCfg = Debug|Any CPU
		{4A3D754F-6D1E-457E-9DF4-4FD42F22F9E5}.Debug|x64.Build.0 = Debug|Any CPU
		{4A3D754F-6D1E-457E-9DF4-4FD42F22F9E5}.Debug|x86.ActiveCfg = Debug|Any CPU
		{4A3D754F-6D1E-457E-9DF4-4FD42F22F9E5}.Debug|x86.Build.0 = Debug|Any CPU
		{4A3D754F-6D1E-457E-9DF4-4FD42F22F9E5}.Release|Any CPU.ActiveCfg = Release|Any CPU
		{4A3D754F-6D1E-457E-9DF4-4FD42F22F9E5}.Release|Any CPU.Build.0 = Release|Any CPU
		{4A3D754F-6D1E-457E-9DF4-4FD42F22F9E5}.Release|x64.ActiveCfg = Release|Any CPU
		{4A3D754F-6D1E-457E-9DF4-4FD42F22F9E5}.Release|x64.Build.0 = Release|Any CPU
		{4A3D754F-6D1E-457E-9DF4-4FD42F22F9E5}.Release|x86.ActiveCfg = Release|Any CPU
		{4A3D754F-6D1E-457E-9DF4-4FD42F22F9E5}.Release|x86.Build.0 = Release|Any CPU
		{B2B1A1B2-7C2D-4B8B-8A2C-2B2A1B2C3D4E}.Debug|Any CPU.ActiveCfg = Debug|Any CPU
		{B2B1A1B2-7C2D-4B8B-8A2C-2B2A1B2C3D4E}.Debug|Any CPU.Build.0 = Debug|Any CPU
		{B2B1A1B2-7C2D-4B8B-8A2C-2B2A1B2C3D4E}.Debug|x64.ActiveCfg = Debug|Any CPU
		{B2B1A1B2-7C2D-4B8B-8A2C-2B2A1B2C3D4E}.Debug|x64.Build.0 = Debug|Any CPU
		{B2B1A1B2-7C2D-4B8B-8A2C-2B2A1B2C3D4E}.Debug|x86.ActiveCfg = Debug|Any CPU
		{B2B1A1B2-7C2D-4B8B-8A2C-2B2A1B2C3D4E}.Debug|x86.Build.0 = Debug|Any CPU
		{B2B1A1B2-7C2D-4B8B-8A2C-2B2A1B2C3D4E}.Release|Any CPU.ActiveCfg = Release|Any CPU
		{B2B1A1B2-7C2D-4B8B-8A2C-2B2A1B2C3D4E}.Release|Any CPU.Build.0 = Release|Any CPU
		{B2B1A1B2-7C2D-4B8B-8A2C-2B2A1B2C3D4E}.Release|x64.ActiveCfg = Release|Any CPU
		{B2B1A1B2-7C2D-4B8B-8A2C-2B2A1B2C3D4E}.Release|x64.Build.0 = Release|Any CPU
		{B2B1A1B2-7C2D-4B8B-8A2C-2B2A1B2C3D4E}.Release|x86.ActiveCfg = Release|Any CPU
		{B2B1A1B2-7C2D-4B8B-8A2C-2B2A1B2C3D4E}.Release|x86.Build.0 = Release|Any CPU
		{47004256-7A2F-4635-F6C5-1F9502A1A9A0}.Debug|Any CPU.ActiveCfg = Debug|Any CPU
		{47004256-7A2F-4635-F6C5-1F9502A1A9A0}.Debug|Any CPU.Build.0 = Debug|Any CPU
		{47004256-7A2F-4635-F6C5-1F9502A1A9A0}.Debug|x64.ActiveCfg = Debug|Any CPU
		{47004256-7A2F-4635-F6C5-1F9502A1A9A0}.Debug|x64.Build.0 = Debug|Any CPU
		{47004256-7A2F-4635-F6C5-1F9502A1A9A0}.Debug|x86.ActiveCfg = Debug|Any CPU
		{47004256-7A2F-4635-F6C5-1F9502A1A9A0}.Debug|x86.Build.0 = Debug|Any CPU
		{47004256-7A2F-4635-F6C5-1F9502A1A9A0}.Release|Any CPU.ActiveCfg = Release|Any CPU
		{47004256-7A2F-4635-F6C5-1F9502A1A9A0}.Release|Any CPU.Build.0 = Release|Any CPU
		{47004256-7A2F-4635-F6C5-1F9502A1A9A0}.Release|x64.ActiveCfg = Release|Any CPU
		{47004256-7A2F-4635-F6C5-1F9502A1A9A0}.Release|x64.Build.0 = Release|Any CPU
		{47004256-7A2F-4635-F6C5-1F9502A1A9A0}.Release|x86.ActiveCfg = Release|Any CPU
		{47004256-7A2F-4635-F6C5-1F9502A1A9A0}.Release|x86.Build.0 = Release|Any CPU
		{8C79FE96-02E6-A892-EBC0-145CF5872B67}.Debug|Any CPU.ActiveCfg = Debug|Any CPU
		{8C79FE96-02E6-A892-EBC0-145CF5872B67}.Debug|Any CPU.Build.0 = Debug|Any CPU
		{8C79FE96-02E6-A892-EBC0-145CF5872B67}.Debug|x64.ActiveCfg = Debug|Any CPU
		{8C79FE96-02E6-A892-EBC0-145CF5872B67}.Debug|x64.Build.0 = Debug|Any CPU
		{8C79FE96-02E6-A892-EBC0-145CF5872B67}.Debug|x86.ActiveCfg = Debug|Any CPU
		{8C79FE96-02E6-A892-EBC0-145CF5872B67}.Debug|x86.Build.0 = Debug|Any CPU
		{8C79FE96-02E6-A892-EBC0-145CF5872B67}.Release|Any CPU.ActiveCfg = Release|Any CPU
		{8C79FE96-02E6-A892-EBC0-145CF5872B67}.Release|Any CPU.Build.0 = Release|Any CPU
		{8C79FE96-02E6-A892-EBC0-145CF5872B67}.Release|x64.ActiveCfg = Release|Any CPU
		{8C79FE96-02E6-A892-EBC0-145CF5872B67}.Release|x64.Build.0 = Release|Any CPU
		{8C79FE96-02E6-A892-EBC0-145CF5872B67}.Release|x86.ActiveCfg = Release|Any CPU
		{8C79FE96-02E6-A892-EBC0-145CF5872B67}.Release|x86.Build.0 = Release|Any CPU
		{505816D8-7CDF-4951-9BDB-645A5BDA2575}.Debug|Any CPU.ActiveCfg = Debug|Any CPU
		{505816D8-7CDF-4951-9BDB-645A5BDA2575}.Debug|Any CPU.Build.0 = Debug|Any CPU
		{505816D8-7CDF-4951-9BDB-645A5BDA2575}.Debug|x64.ActiveCfg = Debug|Any CPU
		{505816D8-7CDF-4951-9BDB-645A5BDA2575}.Debug|x64.Build.0 = Debug|Any CPU
		{505816D8-7CDF-4951-9BDB-645A5BDA2575}.Debug|x86.ActiveCfg = Debug|Any CPU
		{505816D8-7CDF-4951-9BDB-645A5BDA2575}.Debug|x86.Build.0 = Debug|Any CPU
		{505816D8-7CDF-4951-9BDB-645A5BDA2575}.Release|Any CPU.ActiveCfg = Release|Any CPU
		{505816D8-7CDF-4951-9BDB-645A5BDA2575}.Release|Any CPU.Build.0 = Release|Any CPU
		{505816D8-7CDF-4951-9BDB-645A5BDA2575}.Release|x64.ActiveCfg = Release|Any CPU
		{505816D8-7CDF-4951-9BDB-645A5BDA2575}.Release|x64.Build.0 = Release|Any CPU
		{505816D8-7CDF-4951-9BDB-645A5BDA2575}.Release|x86.ActiveCfg = Release|Any CPU
		{505816D8-7CDF-4951-9BDB-645A5BDA2575}.Release|x86.Build.0 = Release|Any CPU
	EndGlobalSection
	GlobalSection(SolutionProperties) = preSolution
		HideSolutionNode = FALSE
	EndGlobalSection
	GlobalSection(ExtensibilityGlobals) = postSolution
		SolutionGuid = {07E4D407-17DD-4BCF-BEF4-8E71FEAA4794}
	EndGlobalSection
EndGlobal
